version = 1
revision = 3
requires-python = ">=3.13"

[[package]]
name = "black"
version = "25.9.0"
source = { registry = "https://pypi.org/simple" }
dependencies = [
    { name = "click" },
    { name = "mypy-extensions" },
    { name = "packaging" },
    { name = "pathspec" },
    { name = "platformdirs" },
    { name = "pytokens" },
]
sdist = { url = "https://files.pythonhosted.org/packages/4b/43/20b5c90612d7bdb2bdbcceeb53d588acca3bb8f0e4c5d5c751a2c8fdd55a/black-25.9.0.tar.gz", hash = "sha256:0474bca9a0dd1b51791fcc507a4e02078a1c63f6d4e4ae5544b9848c7adfb619", size = 648393, upload-time = "2025-09-19T00:27:37.758Z" }
wheels = [
    { url = "https://files.pythonhosted.org/packages/48/99/3acfea65f5e79f45472c45f87ec13037b506522719cd9d4ac86484ff51ac/black-25.9.0-cp313-cp313-macosx_10_13_x86_64.whl", hash = "sha256:0172a012f725b792c358d57fe7b6b6e8e67375dd157f64fa7a3097b3ed3e2175", size = 1742165, upload-time = "2025-09-19T00:34:10.402Z" },
    { url = "https://files.pythonhosted.org/packages/3a/18/799285282c8236a79f25d590f0222dbd6850e14b060dfaa3e720241fd772/black-25.9.0-cp313-cp313-macosx_11_0_arm64.whl", hash = "sha256:3bec74ee60f8dfef564b573a96b8930f7b6a538e846123d5ad77ba14a8d7a64f", size = 1581259, upload-time = "2025-09-19T00:32:49.685Z" },
    { url = "https://files.pythonhosted.org/packages/f1/ce/883ec4b6303acdeca93ee06b7622f1fa383c6b3765294824165d49b1a86b/black-25.9.0-cp313-cp313-manylinux_2_17_x86_64.manylinux2014_x86_64.manylinux_2_28_x86_64.whl", hash = "sha256:b756fc75871cb1bcac5499552d771822fd9db5a2bb8db2a7247936ca48f39831", size = 1655583, upload-time = "2025-09-19T00:30:44.505Z" },
    { url = "https://files.pythonhosted.org/packages/21/17/5c253aa80a0639ccc427a5c7144534b661505ae2b5a10b77ebe13fa25334/black-25.9.0-cp313-cp313-win_amd64.whl", hash = "sha256:846d58e3ce7879ec1ffe816bb9df6d006cd9590515ed5d17db14e17666b2b357", size = 1343428, upload-time = "2025-09-19T00:32:13.839Z" },
    { url = "https://files.pythonhosted.org/packages/1b/46/863c90dcd3f9d41b109b7f19032ae0db021f0b2a81482ba0a1e28c84de86/black-25.9.0-py3-none-any.whl", hash = "sha256:474b34c1342cdc157d307b56c4c65bce916480c4a8f6551fdc6bf9b486a7c4ae", size = 203363, upload-time = "2025-09-19T00:27:35.724Z" },
]

[[package]]
name = "click"
version = "8.3.0"
source = { registry = "https://pypi.org/simple" }
dependencies = [
    { name = "colorama", marker = "sys_platform == 'win32'" },
]
sdist = { url = "https://files.pythonhosted.org/packages/46/61/de6cd827efad202d7057d93e0fed9294b96952e188f7384832791c7b2254/click-8.3.0.tar.gz", hash = "sha256:e7b8232224eba16f4ebe410c25ced9f7875cb5f3263ffc93cc3e8da705e229c4", size = 276943, upload-time = "2025-09-18T17:32:23.696Z" }
wheels = [
    { url = "https://files.pythonhosted.org/packages/db/d3/9dcc0f5797f070ec8edf30fbadfb200e71d9db6b84d211e3b2085a7589a0/click-8.3.0-py3-none-any.whl", hash = "sha256:9b9f285302c6e3064f4330c05f05b81945b2a39544279343e6e7c5f27a9baddc", size = 107295, upload-time = "2025-09-18T17:32:22.42Z" },
]

[[package]]
name = "colorama"
version = "0.4.6"
source = { registry = "https://pypi.org/simple" }
sdist = { url = "https://files.pythonhosted.org/packages/d8/53/6f443c9a4a8358a93a6792e2acffb9d9d5cb0a5cfd8802644b7b1c9a02e4/colorama-0.4.6.tar.gz", hash = "sha256:08695f5cb7ed6e0531a20572697297273c47b8cae5a63ffc6d6ed5c201be6e44", size = 27697, upload-time = "2022-10-25T02:36:22.414Z" }
wheels = [
    { url = "https://files.pythonhosted.org/packages/d1/d6/3965ed04c63042e047cb6a3e6ed1a63a35087b6a609aa3a15ed8ac56c221/colorama-0.4.6-py2.py3-none-any.whl", hash = "sha256:4f1d9991f5acc0ca119f9d443620b77f9d6b33703e51011c16baf57afb285fc6", size = 25335, upload-time = "2022-10-25T02:36:20.889Z" },
]

[[package]]
name = "dotenv"
version = "0.9.9"
source = { registry = "https://pypi.org/simple" }
dependencies = [
    { name = "python-dotenv" },
]
wheels = [
    { url = "https://files.pythonhosted.org/packages/b2/b7/545d2c10c1fc15e48653c91efde329a790f2eecfbbf2bd16003b5db2bab0/dotenv-0.9.9-py2.py3-none-any.whl", hash = "sha256:29cf74a087b31dafdb5a446b6d7e11cbce8ed2741540e2339c69fbef92c94ce9", size = 1892, upload-time = "2025-02-19T22:15:01.647Z" },
]

[[package]]
name = "iniconfig"
version = "2.1.0"
source = { registry = "https://pypi.org/simple" }
sdist = { url = "https://files.pythonhosted.org/packages/f2/97/ebf4da567aa6827c909642694d71c9fcf53e5b504f2d96afea02718862f3/iniconfig-2.1.0.tar.gz", hash = "sha256:3abbd2e30b36733fee78f9c7f7308f2d0050e88f0087fd25c2645f63c773e1c7", size = 4793, upload-time = "2025-03-19T20:09:59.721Z" }
wheels = [
    { url = "https://files.pythonhosted.org/packages/2c/e1/e6716421ea10d38022b952c159d5161ca1193197fb744506875fbb87ea7b/iniconfig-2.1.0-py3-none-any.whl", hash = "sha256:9deba5723312380e77435581c6bf4935c94cbfab9b1ed33ef8d238ea168eb760", size = 6050, upload-time = "2025-03-19T20:10:01.071Z" },
]

[[package]]
name = "isort"
version = "6.0.1"
source = { registry = "https://pypi.org/simple" }
sdist = { url = "https://files.pythonhosted.org/packages/b8/21/1e2a441f74a653a144224d7d21afe8f4169e6c7c20bb13aec3a2dc3815e0/isort-6.0.1.tar.gz", hash = "sha256:1cb5df28dfbc742e490c5e41bad6da41b805b0a8be7bc93cd0fb2a8a890ac450", size = 821955, upload-time = "2025-02-26T21:13:16.955Z" }
wheels = [
    { url = "https://files.pythonhosted.org/packages/c1/11/114d0a5f4dabbdcedc1125dee0888514c3c3b16d3e9facad87ed96fad97c/isort-6.0.1-py3-none-any.whl", hash = "sha256:2dc5d7f65c9678d94c88dfc29161a320eec67328bc97aad576874cb4be1e9615", size = 94186, upload-time = "2025-02-26T21:13:14.911Z" },
]

[[package]]
name = "mypy-extensions"
version = "1.1.0"
source = { registry = "https://pypi.org/simple" }
sdist = { url = "https://files.pythonhosted.org/packages/a2/6e/371856a3fb9d31ca8dac321cda606860fa4548858c0cc45d9d1d4ca2628b/mypy_extensions-1.1.0.tar.gz", hash = "sha256:52e68efc3284861e772bbcd66823fde5ae21fd2fdb51c62a211403730b916558", size = 6343, upload-time = "2025-04-22T14:54:24.164Z" }
wheels = [
    { url = "https://files.pythonhosted.org/packages/79/7b/2c79738432f5c924bef5071f933bcc9efd0473bac3b4aa584a6f7c1c8df8/mypy_extensions-1.1.0-py3-none-any.whl", hash = "sha256:1be4cccdb0f2482337c4743e60421de3a356cd97508abadd57d47403e94f5505", size = 4963, upload-time = "2025-04-22T14:54:22.983Z" },
]

[[package]]
name = "packaging"
version = "25.0"
source = { registry = "https://pypi.org/simple" }
sdist = { url = "https://files.pythonhosted.org/packages/a1/d4/1fc4078c65507b51b96ca8f8c3ba19e6a61c8253c72794544580a7b6c24d/packaging-25.0.tar.gz", hash = "sha256:d443872c98d677bf60f6a1f2f8c1cb748e8fe762d2bf9d3148b5599295b0fc4f", size = 165727, upload-time = "2025-04-19T11:48:59.673Z" }
wheels = [
    { url = "https://files.pythonhosted.org/packages/20/12/38679034af332785aac8774540895e234f4d07f7545804097de4b666afd8/packaging-25.0-py3-none-any.whl", hash = "sha256:29572ef2b1f17581046b3a2227d5c611fb25ec70ca1ba8554b24b0e69331a484", size = 66469, upload-time = "2025-04-19T11:48:57.875Z" },
]

[[package]]
name = "pathspec"
version = "0.12.1"
source = { registry = "https://pypi.org/simple" }
sdist = { url = "https://files.pythonhosted.org/packages/ca/bc/f35b8446f4531a7cb215605d100cd88b7ac6f44ab3fc94870c120ab3adbf/pathspec-0.12.1.tar.gz", hash = "sha256:a482d51503a1ab33b1c67a6c3813a26953dbdc71c31dacaef9a838c4e29f5712", size = 51043, upload-time = "2023-12-10T22:30:45Z" }
wheels = [
    { url = "https://files.pythonhosted.org/packages/cc/20/ff623b09d963f88bfde16306a54e12ee5ea43e9b597108672ff3a408aad6/pathspec-0.12.1-py3-none-any.whl", hash = "sha256:a0d503e138a4c123b27490a4f7beda6a01c6f288df0e4a8b79c7eb0dc7b4cc08", size = 31191, upload-time = "2023-12-10T22:30:43.14Z" },
]

[[package]]
name = "platformdirs"
version = "4.4.0"
source = { registry = "https://pypi.org/simple" }
sdist = { url = "https://files.pythonhosted.org/packages/23/e8/21db9c9987b0e728855bd57bff6984f67952bea55d6f75e055c46b5383e8/platformdirs-4.4.0.tar.gz", hash = "sha256:ca753cf4d81dc309bc67b0ea38fd15dc97bc30ce419a7f58d13eb3bf14c4febf", size = 21634, upload-time = "2025-08-26T14:32:04.268Z" }
wheels = [
    { url = "https://files.pythonhosted.org/packages/40/4b/2028861e724d3bd36227adfa20d3fd24c3fc6d52032f4a93c133be5d17ce/platformdirs-4.4.0-py3-none-any.whl", hash = "sha256:abd01743f24e5287cd7a5db3752faf1a2d65353f38ec26d98e25a6db65958c85", size = 18654, upload-time = "2025-08-26T14:32:02.735Z" },
]

[[package]]
name = "pluggy"
version = "1.6.0"
source = { registry = "https://pypi.org/simple" }
sdist = { url = "https://files.pythonhosted.org/packages/f9/e2/3e91f31a7d2b083fe6ef3fa267035b518369d9511ffab804f839851d2779/pluggy-1.6.0.tar.gz", hash = "sha256:7dcc130b76258d33b90f61b658791dede3486c3e6bfb003ee5c9bfb396dd22f3", size = 69412, upload-time = "2025-05-15T12:30:07.975Z" }
wheels = [
    { url = "https://files.pythonhosted.org/packages/54/20/4d324d65cc6d9205fabedc306948156824eb9f0ee1633355a8f7ec5c66bf/pluggy-1.6.0-py3-none-any.whl", hash = "sha256:e920276dd6813095e9377c0bc5566d94c932c33b27a3e3945d8389c374dd4746", size = 20538, upload-time = "2025-05-15T12:30:06.134Z" },
]

[[package]]
name = "pygments"
version = "2.19.2"
source = { registry = "https://pypi.org/simple" }
sdist = { url = "https://files.pythonhosted.org/packages/b0/77/a5b8c569bf593b0140bde72ea885a803b82086995367bf2037de0159d924/pygments-2.19.2.tar.gz", hash = "sha256:636cb2477cec7f8952536970bc533bc43743542f70392ae026374600add5b887", size = 4968631, upload-time = "2025-06-21T13:39:12.283Z" }
wheels = [
    { url = "https://files.pythonhosted.org/packages/c7/21/705964c7812476f378728bdf590ca4b771ec72385c533964653c68e86bdc/pygments-2.19.2-py3-none-any.whl", hash = "sha256:86540386c03d588bb81d44bc3928634ff26449851e99741617ecb9037ee5ec0b", size = 1225217, upload-time = "2025-06-21T13:39:07.939Z" },
]

[[package]]
name = "pytest"
version = "8.4.2"
source = { registry = "https://pypi.org/simple" }
dependencies = [
    { name = "colorama", marker = "sys_platform == 'win32'" },
    { name = "iniconfig" },
    { name = "packaging" },
    { name = "pluggy" },
    { name = "pygments" },
]
sdist = { url = "https://files.pythonhosted.org/packages/a3/5c/00a0e072241553e1a7496d638deababa67c5058571567b92a7eaa258397c/pytest-8.4.2.tar.gz", hash = "sha256:86c0d0b93306b961d58d62a4db4879f27fe25513d4b969df351abdddb3c30e01", size = 1519618, upload-time = "2025-09-04T14:34:22.711Z" }
wheels = [
    { url = "https://files.pythonhosted.org/packages/a8/a4/20da314d277121d6534b3a980b29035dcd51e6744bd79075a6ce8fa4eb8d/pytest-8.4.2-py3-none-any.whl", hash = "sha256:872f880de3fc3a5bdc88a11b39c9710c3497a547cfa9320bc3c5e62fbf272e79", size = 365750, upload-time = "2025-09-04T14:34:20.226Z" },
]

[[package]]
name = "python-dotenv"
version = "1.1.1"
source = { registry = "https://pypi.org/simple" }
sdist = { url = "https://files.pythonhosted.org/packages/f6/b0/4bc07ccd3572a2f9df7e6782f52b0c6c90dcbb803ac4a167702d7d0dfe1e/python_dotenv-1.1.1.tar.gz", hash = "sha256:a8a6399716257f45be6a007360200409fce5cda2661e3dec71d23dc15f6189ab", size = 41978, upload-time = "2025-06-24T04:21:07.341Z" }
wheels = [
    { url = "https://files.pythonhosted.org/packages/5f/ed/539768cf28c661b5b068d66d96a2f155c4971a5d55684a514c1a0e0dec2f/python_dotenv-1.1.1-py3-none-any.whl", hash = "sha256:31f23644fe2602f88ff55e1f5c79ba497e01224ee7737937930c448e4d0e24dc", size = 20556, upload-time = "2025-06-24T04:21:06.073Z" },
]

[[package]]
name = "pytokens"
version = "0.1.10"
source = { registry = "https://pypi.org/simple" }
sdist = { url = "https://files.pythonhosted.org/packages/30/5f/e959a442435e24f6fb5a01aec6c657079ceaca1b3baf18561c3728d681da/pytokens-0.1.10.tar.gz", hash = "sha256:c9a4bfa0be1d26aebce03e6884ba454e842f186a59ea43a6d3b25af58223c044", size = 12171, upload-time = "2025-02-19T14:51:22.001Z" }
wheels = [
    { url = "https://files.pythonhosted.org/packages/60/e5/63bed382f6a7a5ba70e7e132b8b7b8abbcf4888ffa6be4877698dcfbed7d/pytokens-0.1.10-py3-none-any.whl", hash = "sha256:db7b72284e480e69fb085d9f251f66b3d2df8b7166059261258ff35f50fb711b", size = 12046, upload-time = "2025-02-19T14:51:18.694Z" },
]

[[package]]
name = "scrapli"
version = "2025.1.30"
source = { registry = "https://pypi.org/simple" }
sdist = { url = "https://files.pythonhosted.org/packages/01/b0/72fd21e1abdfc0e36f07c56c7aad339bf554771784464980d70249fe0f64/scrapli-2025.1.30.tar.gz", hash = "sha256:3426a38b5dd6a4c67749c30f14102c04a4a43d3da17710b46fec7e53409b340e", size = 104403, upload-time = "2025-01-31T00:47:02.257Z" }
wheels = [
    { url = "https://files.pythonhosted.org/packages/51/2d/b7dc63b1ff7d60908843fcee2a8897735a06f18d04654baf83f95a4b1a2f/scrapli-2025.1.30-py3-none-any.whl", hash = "sha256:f71ca4e96b56ad245f34269dc3eedf168aca54eb7b1ba96ad0c965c2b76f807e", size = 145741, upload-time = "2025-01-31T00:47:01.002Z" },
]

[[package]]
name = "scrapli-community"
version = "2025.1.30"
source = { registry = "https://pypi.org/simple" }
dependencies = [
    { name = "scrapli" },
]
sdist = { url = "https://files.pythonhosted.org/packages/92/29/b5df286b9cb143f1e95b7824a8ba1ebb0fc7606b96a0a50a62fc50cf3858/scrapli_community-2025.1.30.tar.gz", hash = "sha256:5357d1e471879203f648948adf114d8155a69ca1242060504d9b92f54f79d119", size = 33083, upload-time = "2025-01-31T00:50:37.445Z" }
wheels = [
    { url = "https://files.pythonhosted.org/packages/23/67/c0c0d088a786fcaa3e0584a765f1da00b0560dadc7f0ea8c8755b7d175f3/scrapli_community-2025.1.30-py3-none-any.whl", hash = "sha256:dc4d02193ec3bb14cec9e04ab0d48fc59d575e1ccedac92fb4b8bbd6f3b6726f", size = 93093, upload-time = "2025-01-31T00:50:36.099Z" },
]

[[package]]
name = "teide"
version = "0.1.0"
source = { virtual = "." }
dependencies = [
    { name = "dotenv" },
    { name = "scrapli" },
    { name = "scrapli-community" },
]

[package.dev-dependencies]
dev = [
    { name = "black" },
    { name = "isort" },
    { name = "pytest" },
]

[package.metadata]
requires-dist = [
    { name = "dotenv", specifier = ">=0.9.9" },
    { name = "scrapli", specifier = ">=2025.1.30" },
    { name = "scrapli-community", specifier = ">=2025.1.30" },
]

[package.metadata.requires-dev]
dev = [
    { name = "black", specifier = ">=25.9.0" },
    { name = "isort", specifier = ">=6.0.1" },
    { name = "pytest", specifier = ">=8.4.2" },
]
